
Microsoft Visual Studio Solution File, Format Version 12.00
# Visual Studio 15
VisualStudioVersion = 15.0.28307.421
MinimumVisualStudioVersion = 10.0.40219.1
Project("{FAE04EC0-301F-11D3-BF4B-00C04F79EFBC}") = "Participation-2-19", "Participation-2-19\Participation-2-19.csproj", "{C722EE34-29DA-4A87-B72F-9AB7D5238572}"
EndProject
Global
	GlobalSection(SolutionConfigurationPlatforms) = preSolution
		Debug|Any CPU = Debug|Any CPU
		Release|Any CPU = Release|Any CPU
	EndGlobalSection
	GlobalSection(ProjectConfigurationPlatforms) = postSolution
		{C722EE34-29DA-4A87-B72F-9AB7D5238572}.Debug|Any CPU.ActiveCfg = Debug|Any CPU
		{C722EE34-29DA-4A87-B72F-9AB7D5238572}.Debug|Any CPU.Build.0 = Debug|Any CPU
		{C722EE34-29DA-4A87-B72F-9AB7D5238572}.Release|Any CPU.ActiveCfg = Release|Any CPU
		{C722EE34-29DA-4A87-B72F-9AB7D5238572}.Release|Any CPU.Build.0 = Release|Any CPU
	EndGlobalSection
	GlobalSection(SolutionProperties) = preSolution
		HideSolutionNode = FALSE
	EndGlobalSection
	GlobalSection(ExtensibilityGlobals) = postSolution
		SolutionGuid = {95442DA4-54DA-4263-AB40-71E41E85C612}
	EndGlobalSection
EndGlobal
